// !$*UTF8*$!
{
	archiveVersion = 1;
	classes = {
	};
	objectVersion = 52;
	objects = {

/* Begin PBXBuildFile section */
		72282AA726CFFD310094780B /* ColorScheme.swift in Sources */ = {isa = PBXBuildFile; fileRef = 72282AA326CFFD310094780B /* ColorScheme.swift */; };
		72282AA826CFFD310094780B /* ColorSchemeManager.swift in Sources */ = {isa = PBXBuildFile; fileRef = 72282AA426CFFD310094780B /* ColorSchemeManager.swift */; };
		72282AA926CFFD310094780B /* ColorSchemeFactory.swift in Sources */ = {isa = PBXBuildFile; fileRef = 72282AA526CFFD310094780B /* ColorSchemeFactory.swift */; };
		72282AAA26CFFD310094780B /* ColorSchemeManagerLocator.swift in Sources */ = {isa = PBXBuildFile; fileRef = 72282AA626CFFD310094780B /* ColorSchemeManagerLocator.swift */; };
		72282AAE26CFFDEE0094780B /* UserDefaultsServiceLocator.swift in Sources */ = {isa = PBXBuildFile; fileRef = 72282AAC26CFFDED0094780B /* UserDefaultsServiceLocator.swift */; };
		72282AAF26CFFDEE0094780B /* UserDefaultsProtocol.swift in Sources */ = {isa = PBXBuildFile; fileRef = 72282AAD26CFFDED0094780B /* UserDefaultsProtocol.swift */; };
		72282AB126D000CD0094780B /* BaseController.swift in Sources */ = {isa = PBXBuildFile; fileRef = 72282AB026D000CD0094780B /* BaseController.swift */; };
		723B15DC26CD7A9A0093FD77 /* PaymentCell.swift in Sources */ = {isa = PBXBuildFile; fileRef = 723B15DA26CD7A990093FD77 /* PaymentCell.swift */; };
		723B15DD26CD7A9A0093FD77 /* PaymentsView.swift in Sources */ = {isa = PBXBuildFile; fileRef = 723B15DB26CD7A990093FD77 /* PaymentsView.swift */; };
		723B15DF26CD7ADB0093FD77 /* UICollectionViewCell+Extension.swift in Sources */ = {isa = PBXBuildFile; fileRef = 723B15DE26CD7ADB0093FD77 /* UICollectionViewCell+Extension.swift */; };
		7279633F26B04810003B1E86 /* AppDelegate.swift in Sources */ = {isa = PBXBuildFile; fileRef = 7279633E26B04810003B1E86 /* AppDelegate.swift */; };
		7279634126B04810003B1E86 /* SceneDelegate.swift in Sources */ = {isa = PBXBuildFile; fileRef = 7279634026B04810003B1E86 /* SceneDelegate.swift */; };
		7279634326B04810003B1E86 /* DashboardViewController.swift in Sources */ = {isa = PBXBuildFile; fileRef = 7279634226B04810003B1E86 /* DashboardViewController.swift */; };
		7279634826B04817003B1E86 /* Assets.xcassets in Resources */ = {isa = PBXBuildFile; fileRef = 7279634726B04817003B1E86 /* Assets.xcassets */; };
		7279634B26B04817003B1E86 /* LaunchScreen.storyboard in Resources */ = {isa = PBXBuildFile; fileRef = 7279634926B04817003B1E86 /* LaunchScreen.storyboard */; };
		BEB3C02426B0538E00F744A3 /* SnapKit in Frameworks */ = {isa = PBXBuildFile; productRef = BEB3C02326B0538E00F744A3 /* SnapKit */; };
/* End PBXBuildFile section */

/* Begin PBXFileReference section */
		72282AA326CFFD310094780B /* ColorScheme.swift */ = {isa = PBXFileReference; fileEncoding = 4; lastKnownFileType = sourcecode.swift; path = ColorScheme.swift; sourceTree = "<group>"; };
		72282AA426CFFD310094780B /* ColorSchemeManager.swift */ = {isa = PBXFileReference; fileEncoding = 4; lastKnownFileType = sourcecode.swift; path = ColorSchemeManager.swift; sourceTree = "<group>"; };
		72282AA526CFFD310094780B /* ColorSchemeFactory.swift */ = {isa = PBXFileReference; fileEncoding = 4; lastKnownFileType = sourcecode.swift; path = ColorSchemeFactory.swift; sourceTree = "<group>"; };
		72282AA626CFFD310094780B /* ColorSchemeManagerLocator.swift */ = {isa = PBXFileReference; fileEncoding = 4; lastKnownFileType = sourcecode.swift; path = ColorSchemeManagerLocator.swift; sourceTree = "<group>"; };
		72282AAC26CFFDED0094780B /* UserDefaultsServiceLocator.swift */ = {isa = PBXFileReference; fileEncoding = 4; lastKnownFileType = sourcecode.swift; path = UserDefaultsServiceLocator.swift; sourceTree = "<group>"; };
		72282AAD26CFFDED0094780B /* UserDefaultsProtocol.swift */ = {isa = PBXFileReference; fileEncoding = 4; lastKnownFileType = sourcecode.swift; path = UserDefaultsProtocol.swift; sourceTree = "<group>"; };
		72282AB026D000CD0094780B /* BaseController.swift */ = {isa = PBXFileReference; lastKnownFileType = sourcecode.swift; path = BaseController.swift; sourceTree = "<group>"; };
		723B15DA26CD7A990093FD77 /* PaymentCell.swift */ = {isa = PBXFileReference; fileEncoding = 4; lastKnownFileType = sourcecode.swift; path = PaymentCell.swift; sourceTree = "<group>"; };
		723B15DB26CD7A990093FD77 /* PaymentsView.swift */ = {isa = PBXFileReference; fileEncoding = 4; lastKnownFileType = sourcecode.swift; path = PaymentsView.swift; sourceTree = "<group>"; };
		723B15DE26CD7ADB0093FD77 /* UICollectionViewCell+Extension.swift */ = {isa = PBXFileReference; fileEncoding = 4; lastKnownFileType = sourcecode.swift; path = "UICollectionViewCell+Extension.swift"; sourceTree = "<group>"; };
		7279633B26B04810003B1E86 /* MoneyGuard.app */ = {isa = PBXFileReference; explicitFileType = wrapper.application; includeInIndex = 0; path = MoneyGuard.app; sourceTree = BUILT_PRODUCTS_DIR; };
		7279633E26B04810003B1E86 /* AppDelegate.swift */ = {isa = PBXFileReference; lastKnownFileType = sourcecode.swift; path = AppDelegate.swift; sourceTree = "<group>"; };
		7279634026B04810003B1E86 /* SceneDelegate.swift */ = {isa = PBXFileReference; lastKnownFileType = sourcecode.swift; path = SceneDelegate.swift; sourceTree = "<group>"; };
		7279634226B04810003B1E86 /* DashboardViewController.swift */ = {isa = PBXFileReference; lastKnownFileType = sourcecode.swift; path = DashboardViewController.swift; sourceTree = "<group>"; };
		7279634726B04817003B1E86 /* Assets.xcassets */ = {isa = PBXFileReference; lastKnownFileType = folder.assetcatalog; path = Assets.xcassets; sourceTree = "<group>"; };
		7279634A26B04817003B1E86 /* Base */ = {isa = PBXFileReference; lastKnownFileType = file.storyboard; name = Base; path = Base.lproj/LaunchScreen.storyboard; sourceTree = "<group>"; };
		7279634C26B04817003B1E86 /* Info.plist */ = {isa = PBXFileReference; lastKnownFileType = text.plist.xml; path = Info.plist; sourceTree = "<group>"; };
/* End PBXFileReference section */

/* Begin PBXFrameworksBuildPhase section */
		7279633826B04810003B1E86 /* Frameworks */ = {
			isa = PBXFrameworksBuildPhase;
			buildActionMask = 2147483647;
			files = (
				BEB3C02426B0538E00F744A3 /* SnapKit in Frameworks */,
			);
			runOnlyForDeploymentPostprocessing = 0;
		};
/* End PBXFrameworksBuildPhase section */

/* Begin PBXGroup section */
		72282AA226CFFD310094780B /* ColorScheme */ = {
			isa = PBXGroup;
			children = (
				72282AA326CFFD310094780B /* ColorScheme.swift */,
				72282AA426CFFD310094780B /* ColorSchemeManager.swift */,
				72282AA526CFFD310094780B /* ColorSchemeFactory.swift */,
				72282AA626CFFD310094780B /* ColorSchemeManagerLocator.swift */,
			);
			path = ColorScheme;
			sourceTree = "<group>";
		};
		72282AAB26CFFDED0094780B /* UserDefaults */ = {
			isa = PBXGroup;
			children = (
				72282AAC26CFFDED0094780B /* UserDefaultsServiceLocator.swift */,
				72282AAD26CFFDED0094780B /* UserDefaultsProtocol.swift */,
			);
			path = UserDefaults;
			sourceTree = "<group>";
		};
		72282AB226D0055E0094780B /* Dashboard */ = {
			isa = PBXGroup;
			children = (
				7279634226B04810003B1E86 /* DashboardViewController.swift */,
				72282AB026D000CD0094780B /* BaseController.swift */,
			);
			path = Dashboard;
			sourceTree = "<group>";
		};
		723B15D126CD71860093FD77 /* Services */ = {
			isa = PBXGroup;
			children = (
				72282AAB26CFFDED0094780B /* UserDefaults */,
				72282AA226CFFD310094780B /* ColorScheme */,
			);
			path = Services;
			sourceTree = "<group>";
		};
		723B15D226CD718B0093FD77 /* Utilities */ = {
			isa = PBXGroup;
			children = (
				723B15DE26CD7ADB0093FD77 /* UICollectionViewCell+Extension.swift */,
			);
			path = Utilities;
			sourceTree = "<group>";
		};
		723B15D826CD7A990093FD77 /* Components */ = {
			isa = PBXGroup;
			children = (
				723B15D926CD7A990093FD77 /* Payments */,
			);
			path = Components;
			sourceTree = "<group>";
		};
		723B15D926CD7A990093FD77 /* Payments */ = {
			isa = PBXGroup;
			children = (
				723B15DA26CD7A990093FD77 /* PaymentCell.swift */,
				723B15DB26CD7A990093FD77 /* PaymentsView.swift */,
			);
			path = Payments;
			sourceTree = "<group>";
		};
		7279633226B04810003B1E86 = {
			isa = PBXGroup;
			children = (
				7279633D26B04810003B1E86 /* MoneyGuard */,
				7279633C26B04810003B1E86 /* Products */,
			);
			sourceTree = "<group>";
		};
		7279633C26B04810003B1E86 /* Products */ = {
			isa = PBXGroup;
			children = (
				7279633B26B04810003B1E86 /* MoneyGuard.app */,
			);
			name = Products;
			sourceTree = "<group>";
		};
		7279633D26B04810003B1E86 /* MoneyGuard */ = {
			isa = PBXGroup;
			children = (
				7279635226B05ED6003B1E86 /* App */,
				723B15D826CD7A990093FD77 /* Components */,
				7279635526B05F2F003B1E86 /* Resources */,
				7279635326B05EFF003B1E86 /* Screens */,
				723B15D126CD71860093FD77 /* Services */,
				723B15D226CD718B0093FD77 /* Utilities */,
			);
			path = MoneyGuard;
			sourceTree = "<group>";
		};
		7279635226B05ED6003B1E86 /* App */ = {
			isa = PBXGroup;
			children = (
				7279633E26B04810003B1E86 /* AppDelegate.swift */,
				7279634026B04810003B1E86 /* SceneDelegate.swift */,
			);
			path = App;
			sourceTree = "<group>";
		};
		7279635326B05EFF003B1E86 /* Screens */ = {
			isa = PBXGroup;
			children = (
				72282AB226D0055E0094780B /* Dashboard */,
			);
			path = Screens;
			sourceTree = "<group>";
		};
		7279635526B05F2F003B1E86 /* Resources */ = {
			isa = PBXGroup;
			children = (
				7279634C26B04817003B1E86 /* Info.plist */,
				7279634726B04817003B1E86 /* Assets.xcassets */,
				7279634926B04817003B1E86 /* LaunchScreen.storyboard */,
			);
			path = Resources;
			sourceTree = "<group>";
		};
/* End PBXGroup section */

/* Begin PBXNativeTarget section */
		7279633A26B04810003B1E86 /* MoneyGuard */ = {
			isa = PBXNativeTarget;
			buildConfigurationList = 7279634F26B04817003B1E86 /* Build configuration list for PBXNativeTarget "MoneyGuard" */;
			buildPhases = (
				7279633726B04810003B1E86 /* Sources */,
				7279633826B04810003B1E86 /* Frameworks */,
				7279633926B04810003B1E86 /* Resources */,
			);
			buildRules = (
			);
			dependencies = (
			);
			name = MoneyGuard;
			packageProductDependencies = (
				BEB3C02326B0538E00F744A3 /* SnapKit */,
			);
			productName = MoneyGuard;
			productReference = 7279633B26B04810003B1E86 /* MoneyGuard.app */;
			productType = "com.apple.product-type.application";
		};
/* End PBXNativeTarget section */

/* Begin PBXProject section */
		7279633326B04810003B1E86 /* Project object */ = {
			isa = PBXProject;
			attributes = {
				LastSwiftUpdateCheck = 1250;
				LastUpgradeCheck = 1250;
				TargetAttributes = {
					7279633A26B04810003B1E86 = {
						CreatedOnToolsVersion = 12.5;
					};
				};
			};
			buildConfigurationList = 7279633626B04810003B1E86 /* Build configuration list for PBXProject "MoneyGuard" */;
			compatibilityVersion = "Xcode 9.3";
			developmentRegion = en;
			hasScannedForEncodings = 0;
			knownRegions = (
				en,
				Base,
			);
			mainGroup = 7279633226B04810003B1E86;
			packageReferences = (
				BEB3C02226B0538E00F744A3 /* XCRemoteSwiftPackageReference "SnapKit" */,
			);
			productRefGroup = 7279633C26B04810003B1E86 /* Products */;
			projectDirPath = "";
			projectRoot = "";
			targets = (
				7279633A26B04810003B1E86 /* MoneyGuard */,
			);
		};
/* End PBXProject section */

/* Begin PBXResourcesBuildPhase section */
		7279633926B04810003B1E86 /* Resources */ = {
			isa = PBXResourcesBuildPhase;
			buildActionMask = 2147483647;
			files = (
				7279634B26B04817003B1E86 /* LaunchScreen.storyboard in Resources */,
				7279634826B04817003B1E86 /* Assets.xcassets in Resources */,
			);
			runOnlyForDeploymentPostprocessing = 0;
		};
/* End PBXResourcesBuildPhase section */

/* Begin PBXSourcesBuildPhase section */
		7279633726B04810003B1E86 /* Sources */ = {
			isa = PBXSourcesBuildPhase;
			buildActionMask = 2147483647;
			files = (
				7279634326B04810003B1E86 /* DashboardViewController.swift in Sources */,
				72282AAA26CFFD310094780B /* ColorSchemeManagerLocator.swift in Sources */,
				7279633F26B04810003B1E86 /* AppDelegate.swift in Sources */,
				72282AB126D000CD0094780B /* BaseController.swift in Sources */,
				72282AA826CFFD310094780B /* ColorSchemeManager.swift in Sources */,
				72282AA926CFFD310094780B /* ColorSchemeFactory.swift in Sources */,
				723B15DF26CD7ADB0093FD77 /* UICollectionViewCell+Extension.swift in Sources */,
				72282AA726CFFD310094780B /* ColorScheme.swift in Sources */,
				723B15DC26CD7A9A0093FD77 /* PaymentCell.swift in Sources */,
				72282AAE26CFFDEE0094780B /* UserDefaultsServiceLocator.swift in Sources */,
				7279634126B04810003B1E86 /* SceneDelegate.swift in Sources */,
				72282AAF26CFFDEE0094780B /* UserDefaultsProtocol.swift in Sources */,
				723B15DD26CD7A9A0093FD77 /* PaymentsView.swift in Sources */,
			);
			runOnlyForDeploymentPostprocessing = 0;
		};
/* End PBXSourcesBuildPhase section */

/* Begin PBXVariantGroup section */
		7279634926B04817003B1E86 /* LaunchScreen.storyboard */ = {
			isa = PBXVariantGroup;
			children = (
				7279634A26B04817003B1E86 /* Base */,
			);
			name = LaunchScreen.storyboard;
			sourceTree = "<group>";
		};
/* End PBXVariantGroup section */

/* Begin XCBuildConfiguration section */
		7279634D26B04817003B1E86 /* Debug */ = {
			isa = XCBuildConfiguration;
			buildSettings = {
				ALWAYS_SEARCH_USER_PATHS = NO;
				CLANG_ANALYZER_NONNULL = YES;
				CLANG_ANALYZER_NUMBER_OBJECT_CONVERSION = YES_AGGRESSIVE;
				CLANG_CXX_LANGUAGE_STANDARD = "gnu++14";
				CLANG_CXX_LIBRARY = "libc++";
				CLANG_ENABLE_MODULES = YES;
				CLANG_ENABLE_OBJC_ARC = YES;
				CLANG_ENABLE_OBJC_WEAK = YES;
				CLANG_WARN_BLOCK_CAPTURE_AUTORELEASING = YES;
				CLANG_WARN_BOOL_CONVERSION = YES;
				CLANG_WARN_COMMA = YES;
				CLANG_WARN_CONSTANT_CONVERSION = YES;
				CLANG_WARN_DEPRECATED_OBJC_IMPLEMENTATIONS = YES;
				CLANG_WARN_DIRECT_OBJC_ISA_USAGE = YES_ERROR;
				CLANG_WARN_DOCUMENTATION_COMMENTS = YES;
				CLANG_WARN_EMPTY_BODY = YES;
				CLANG_WARN_ENUM_CONVERSION = YES;
				CLANG_WARN_INFINITE_RECURSION = YES;
				CLANG_WARN_INT_CONVERSION = YES;
				CLANG_WARN_NON_LITERAL_NULL_CONVERSION = YES;
				CLANG_WARN_OBJC_IMPLICIT_RETAIN_SELF = YES;
				CLANG_WARN_OBJC_LITERAL_CONVERSION = YES;
				CLANG_WARN_OBJC_ROOT_CLASS = YES_ERROR;
				CLANG_WARN_QUOTED_INCLUDE_IN_FRAMEWORK_HEADER = YES;
				CLANG_WARN_RANGE_LOOP_ANALYSIS = YES;
				CLANG_WARN_STRICT_PROTOTYPES = YES;
				CLANG_WARN_SUSPICIOUS_MOVE = YES;
				CLANG_WARN_UNGUARDED_AVAILABILITY = YES_AGGRESSIVE;
				CLANG_WARN_UNREACHABLE_CODE = YES;
				CLANG_WARN__DUPLICATE_METHOD_MATCH = YES;
				COPY_PHASE_STRIP = NO;
				DEBUG_INFORMATION_FORMAT = dwarf;
				ENABLE_STRICT_OBJC_MSGSEND = YES;
				ENABLE_TESTABILITY = YES;
				GCC_C_LANGUAGE_STANDARD = gnu11;
				GCC_DYNAMIC_NO_PIC = NO;
				GCC_NO_COMMON_BLOCKS = YES;
				GCC_OPTIMIZATION_LEVEL = 0;
				GCC_PREPROCESSOR_DEFINITIONS = (
					"DEBUG=1",
					"$(inherited)",
				);
				GCC_WARN_64_TO_32_BIT_CONVERSION = YES;
				GCC_WARN_ABOUT_RETURN_TYPE = YES_ERROR;
				GCC_WARN_UNDECLARED_SELECTOR = YES;
				GCC_WARN_UNINITIALIZED_AUTOS = YES_AGGRESSIVE;
				GCC_WARN_UNUSED_FUNCTION = YES;
				GCC_WARN_UNUSED_VARIABLE = YES;
				IPHONEOS_DEPLOYMENT_TARGET = 14.5;
				MTL_ENABLE_DEBUG_INFO = INCLUDE_SOURCE;
				MTL_FAST_MATH = YES;
				ONLY_ACTIVE_ARCH = YES;
				SDKROOT = iphoneos;
				SWIFT_ACTIVE_COMPILATION_CONDITIONS = DEBUG;
				SWIFT_OPTIMIZATION_LEVEL = "-Onone";
			};
			name = Debug;
		};
		7279634E26B04817003B1E86 /* Release */ = {
			isa = XCBuildConfiguration;
			buildSettings = {
				ALWAYS_SEARCH_USER_PATHS = NO;
				CLANG_ANALYZER_NONNULL = YES;
				CLANG_ANALYZER_NUMBER_OBJECT_CONVERSION = YES_AGGRESSIVE;
				CLANG_CXX_LANGUAGE_STANDARD = "gnu++14";
				CLANG_CXX_LIBRARY = "libc++";
				CLANG_ENABLE_MODULES = YES;
				CLANG_ENABLE_OBJC_ARC = YES;
				CLANG_ENABLE_OBJC_WEAK = YES;
				CLANG_WARN_BLOCK_CAPTURE_AUTORELEASING = YES;
				CLANG_WARN_BOOL_CONVERSION = YES;
				CLANG_WARN_COMMA = YES;
				CLANG_WARN_CONSTANT_CONVERSION = YES;
				CLANG_WARN_DEPRECATED_OBJC_IMPLEMENTATIONS = YES;
				CLANG_WARN_DIRECT_OBJC_ISA_USAGE = YES_ERROR;
				CLANG_WARN_DOCUMENTATION_COMMENTS = YES;
				CLANG_WARN_EMPTY_BODY = YES;
				CLANG_WARN_ENUM_CONVERSION = YES;
				CLANG_WARN_INFINITE_RECURSION = YES;
				CLANG_WARN_INT_CONVERSION = YES;
				CLANG_WARN_NON_LITERAL_NULL_CONVERSION = YES;
				CLANG_WARN_OBJC_IMPLICIT_RETAIN_SELF = YES;
				CLANG_WARN_OBJC_LITERAL_CONVERSION = YES;
				CLANG_WARN_OBJC_ROOT_CLASS = YES_ERROR;
				CLANG_WARN_QUOTED_INCLUDE_IN_FRAMEWORK_HEADER = YES;
				CLANG_WARN_RANGE_LOOP_ANALYSIS = YES;
				CLANG_WARN_STRICT_PROTOTYPES = YES;
				CLANG_WARN_SUSPICIOUS_MOVE = YES;
				CLANG_WARN_UNGUARDED_AVAILABILITY = YES_AGGRESSIVE;
				CLANG_WARN_UNREACHABLE_CODE = YES;
				CLANG_WARN__DUPLICATE_METHOD_MATCH = YES;
				COPY_PHASE_STRIP = NO;
				DEBUG_INFORMATION_FORMAT = "dwarf-with-dsym";
				ENABLE_NS_ASSERTIONS = NO;
				ENABLE_STRICT_OBJC_MSGSEND = YES;
				GCC_C_LANGUAGE_STANDARD = gnu11;
				GCC_NO_COMMON_BLOCKS = YES;
				GCC_WARN_64_TO_32_BIT_CONVERSION = YES;
				GCC_WARN_ABOUT_RETURN_TYPE = YES_ERROR;
				GCC_WARN_UNDECLARED_SELECTOR = YES;
				GCC_WARN_UNINITIALIZED_AUTOS = YES_AGGRESSIVE;
				GCC_WARN_UNUSED_FUNCTION = YES;
				GCC_WARN_UNUSED_VARIABLE = YES;
				IPHONEOS_DEPLOYMENT_TARGET = 14.5;
				MTL_ENABLE_DEBUG_INFO = NO;
				MTL_FAST_MATH = YES;
				SDKROOT = iphoneos;
				SWIFT_COMPILATION_MODE = wholemodule;
				SWIFT_OPTIMIZATION_LEVEL = "-O";
				VALIDATE_PRODUCT = YES;
			};
			name = Release;
		};
		7279635026B04817003B1E86 /* Debug */ = {
			isa = XCBuildConfiguration;
			buildSettings = {
				ASSETCATALOG_COMPILER_APPICON_NAME = AppIcon;
				ASSETCATALOG_COMPILER_GLOBAL_ACCENT_COLOR_NAME = AccentColor;
				CODE_SIGN_STYLE = Automatic;
				DEVELOPMENT_TEAM = 6T236AQSCQ;
				INFOPLIST_FILE = "$(SRCROOT)/MoneyGuard/Resources/Info.plist";
				LD_RUNPATH_SEARCH_PATHS = (
					"$(inherited)",
					"@executable_path/Frameworks",
				);
				PRODUCT_BUNDLE_IDENTIFIER = com.sukharevich.MoneyGuard;
				PRODUCT_NAME = "$(TARGET_NAME)";
				SWIFT_VERSION = 5.0;
				TARGETED_DEVICE_FAMILY = 1;
			};
			name = Debug;
		};
		7279635126B04817003B1E86 /* Release */ = {
			isa = XCBuildConfiguration;
			buildSettings = {
				ASSETCATALOG_COMPILER_APPICON_NAME = AppIcon;
				ASSETCATALOG_COMPILER_GLOBAL_ACCENT_COLOR_NAME = AccentColor;
				CODE_SIGN_STYLE = Automatic;
				DEVELOPMENT_TEAM = 6T236AQSCQ;
				INFOPLIST_FILE = "$(SRCROOT)/MoneyGuard/Resources/Info.plist";
				LD_RUNPATH_SEARCH_PATHS = (
					"$(inherited)",
					"@executable_path/Frameworks",
				);
				PRODUCT_BUNDLE_IDENTIFIER = com.sukharevich.MoneyGuard;
				PRODUCT_NAME = "$(TARGET_NAME)";
				SWIFT_VERSION = 5.0;
				TARGETED_DEVICE_FAMILY = 1;
			};
			name = Release;
		};
/* End XCBuildConfiguration section */

/* Begin XCConfigurationList section */
		7279633626B04810003B1E86 /* Build configuration list for PBXProject "MoneyGuard" */ = {
			isa = XCConfigurationList;
			buildConfigurations = (
				7279634D26B04817003B1E86 /* Debug */,
				7279634E26B04817003B1E86 /* Release */,
			);
			defaultConfigurationIsVisible = 0;
			defaultConfigurationName = Release;
		};
		7279634F26B04817003B1E86 /* Build configuration list for PBXNativeTarget "MoneyGuard" */ = {
			isa = XCConfigurationList;
			buildConfigurations = (
				7279635026B04817003B1E86 /* Debug */,
				7279635126B04817003B1E86 /* Release */,
			);
			defaultConfigurationIsVisible = 0;
			defaultConfigurationName = Release;
		};
/* End XCConfigurationList section */

/* Begin XCRemoteSwiftPackageReference section */
		BEB3C02226B0538E00F744A3 /* XCRemoteSwiftPackageReference "SnapKit" */ = {
			isa = XCRemoteSwiftPackageReference;
			repositoryURL = "https://github.com/SnapKit/SnapKit.git";
			requirement = {
				kind = upToNextMajorVersion;
				minimumVersion = 5.0.1;
			};
		};
/* End XCRemoteSwiftPackageReference section */

/* Begin XCSwiftPackageProductDependency section */
		BEB3C02326B0538E00F744A3 /* SnapKit */ = {
			isa = XCSwiftPackageProductDependency;
			package = BEB3C02226B0538E00F744A3 /* XCRemoteSwiftPackageReference "SnapKit" */;
			productName = SnapKit;
		};
/* End XCSwiftPackageProductDependency section */
	};
	rootObject = 7279633326B04810003B1E86 /* Project object */;
}
